
Microsoft Visual Studio Solution File, Format Version 12.00
# Visual Studio Version 16
VisualStudioVersion = 16.0.28803.452
MinimumVisualStudioVersion = 10.0.40219.1
Project("{FAE04EC0-301F-11D3-BF4B-00C04F79EFBC}") = "TareaSQLite.Android", "TareaSQLite\TareaSQLite.Android\TareaSQLite.Android.csproj", "{727D75CD-D59E-47F9-A78F-B9CBEEB00386}"
EndProject
Project("{FAE04EC0-301F-11D3-BF4B-00C04F79EFBC}") = "TareaSQLite.iOS", "TareaSQLite\TareaSQLite.iOS\TareaSQLite.iOS.csproj", "{5C1D5072-035C-48D1-B304-8DB292330719}"
EndProject
Project("{9A19103F-16F7-4668-BE54-9A1E7A4F7556}") = "TareaSQLite", "TareaSQLite\TareaSQLite\TareaSQLite.csproj", "{DAA9EBB4-8130-407E-A260-BE8F82F0C294}"
EndProject
Global
	GlobalSection(SolutionConfigurationPlatforms) = preSolution
		Debug|Any CPU = Debug|Any CPU
		Debug|iPhone = Debug|iPhone
		Debug|iPhoneSimulator = Debug|iPhoneSimulator
		Release|Any CPU = Release|Any CPU
		Release|iPhone = Release|iPhone
		Release|iPhoneSimulator = Release|iPhoneSimulator
	EndGlobalSection
	GlobalSection(ProjectConfigurationPlatforms) = postSolution
		{727D75CD-D59E-47F9-A78F-B9CBEEB00386}.Debug|Any CPU.ActiveCfg = Debug|Any CPU
		{727D75CD-D59E-47F9-A78F-B9CBEEB00386}.Debug|Any CPU.Build.0 = Debug|Any CPU
		{727D75CD-D59E-47F9-A78F-B9CBEEB00386}.Debug|Any CPU.Deploy.0 = Debug|Any CPU
		{727D75CD-D59E-47F9-A78F-B9CBEEB00386}.Debug|iPhone.ActiveCfg = Debug|Any CPU
		{727D75CD-D59E-47F9-A78F-B9CBEEB00386}.Debug|iPhone.Build.0 = Debug|Any CPU
		{727D75CD-D59E-47F9-A78F-B9CBEEB00386}.Debug|iPhone.Deploy.0 = Debug|Any CPU
		{727D75CD-D59E-47F9-A78F-B9CBEEB00386}.Debug|iPhoneSimulator.ActiveCfg = Debug|Any CPU
		{727D75CD-D59E-47F9-A78F-B9CBEEB00386}.Debug|iPhoneSimulator.Build.0 = Debug|Any CPU
		{727D75CD-D59E-47F9-A78F-B9CBEEB00386}.Debug|iPhoneSimulator.Deploy.0 = Debug|Any CPU
		{727D75CD-D59E-47F9-A78F-B9CBEEB00386}.Release|Any CPU.ActiveCfg = Release|Any CPU
		{727D75CD-D59E-47F9-A78F-B9CBEEB00386}.Release|Any CPU.Build.0 = Release|Any CPU
		{727D75CD-D59E-47F9-A78F-B9CBEEB00386}.Release|Any CPU.Deploy.0 = Release|Any CPU
		{727D75CD-D59E-47F9-A78F-B9CBEEB00386}.Release|iPhone.ActiveCfg = Release|Any CPU
		{727D75CD-D59E-47F9-A78F-B9CBEEB00386}.Release|iPhone.Build.0 = Release|Any CPU
		{727D75CD-D59E-47F9-A78F-B9CBEEB00386}.Release|iPhone.Deploy.0 = Release|Any CPU
		{727D75CD-D59E-47F9-A78F-B9CBEEB00386}.Release|iPhoneSimulator.ActiveCfg = Release|Any CPU
		{727D75CD-D59E-47F9-A78F-B9CBEEB00386}.Release|iPhoneSimulator.Build.0 = Release|Any CPU
		{727D75CD-D59E-47F9-A78F-B9CBEEB00386}.Release|iPhoneSimulator.Deploy.0 = Release|Any CPU
		{5C1D5072-035C-48D1-B304-8DB292330719}.Debug|Any CPU.ActiveCfg = Debug|iPhoneSimulator
		{5C1D5072-035C-48D1-B304-8DB292330719}.Debug|Any CPU.Deploy.0 = Debug|iPhoneSimulator
		{5C1D5072-035C-48D1-B304-8DB292330719}.Debug|iPhone.ActiveCfg = Debug|iPhone
		{5C1D5072-035C-48D1-B304-8DB292330719}.Debug|iPhone.Build.0 = Debug|iPhone
		{5C1D5072-035C-48D1-B304-8DB292330719}.Debug|iPhone.Deploy.0 = Debug|iPhone
		{5C1D5072-035C-48D1-B304-8DB292330719}.Debug|iPhoneSimulator.ActiveCfg = Debug|iPhoneSimulator
		{5C1D5072-035C-48D1-B304-8DB292330719}.Debug|iPhoneSimulator.Build.0 = Debug|iPhoneSimulator
		{5C1D5072-035C-48D1-B304-8DB292330719}.Debug|iPhoneSimulator.Deploy.0 = Debug|iPhoneSimulator
		{5C1D5072-035C-48D1-B304-8DB292330719}.Release|Any CPU.ActiveCfg = Release|iPhone
		{5C1D5072-035C-48D1-B304-8DB292330719}.Release|Any CPU.Build.0 = Release|iPhone
		{5C1D5072-035C-48D1-B304-8DB292330719}.Release|Any CPU.Deploy.0 = Release|iPhone
		{5C1D5072-035C-48D1-B304-8DB292330719}.Release|iPhone.ActiveCfg = Release|iPhone
		{5C1D5072-035C-48D1-B304-8DB292330719}.Release|iPhone.Build.0 = Release|iPhone
		{5C1D5072-035C-48D1-B304-8DB292330719}.Release|iPhone.Deploy.0 = Release|iPhone
		{5C1D5072-035C-48D1-B304-8DB292330719}.Release|iPhoneSimulator.ActiveCfg = Release|iPhoneSimulator
		{5C1D5072-035C-48D1-B304-8DB292330719}.Release|iPhoneSimulator.Build.0 = Release|iPhoneSimulator
		{5C1D5072-035C-48D1-B304-8DB292330719}.Release|iPhoneSimulator.Deploy.0 = Release|iPhoneSimulator
		{DAA9EBB4-8130-407E-A260-BE8F82F0C294}.Debug|Any CPU.ActiveCfg = Debug|Any CPU
		{DAA9EBB4-8130-407E-A260-BE8F82F0C294}.Debug|Any CPU.Build.0 = Debug|Any CPU
		{DAA9EBB4-8130-407E-A260-BE8F82F0C294}.Debug|Any CPU.Deploy.0 = Debug|Any CPU
		{DAA9EBB4-8130-407E-A260-BE8F82F0C294}.Debug|iPhone.ActiveCfg = Debug|Any CPU
		{DAA9EBB4-8130-407E-A260-BE8F82F0C294}.Debug|iPhone.Build.0 = Debug|Any CPU
		{DAA9EBB4-8130-407E-A260-BE8F82F0C294}.Debug|iPhone.Deploy.0 = Debug|Any CPU
		{DAA9EBB4-8130-407E-A260-BE8F82F0C294}.Debug|iPhoneSimulator.ActiveCfg = Debug|Any CPU
		{DAA9EBB4-8130-407E-A260-BE8F82F0C294}.Debug|iPhoneSimulator.Build.0 = Debug|Any CPU
		{DAA9EBB4-8130-407E-A260-BE8F82F0C294}.Debug|iPhoneSimulator.Deploy.0 = Debug|Any CPU
		{DAA9EBB4-8130-407E-A260-BE8F82F0C294}.Release|Any CPU.ActiveCfg = Release|Any CPU
		{DAA9EBB4-8130-407E-A260-BE8F82F0C294}.Release|Any CPU.Build.0 = Release|Any CPU
		{DAA9EBB4-8130-407E-A260-BE8F82F0C294}.Release|Any CPU.Deploy.0 = Release|Any CPU
		{DAA9EBB4-8130-407E-A260-BE8F82F0C294}.Release|iPhone.ActiveCfg = Release|Any CPU
		{DAA9EBB4-8130-407E-A260-BE8F82F0C294}.Release|iPhone.Build.0 = Release|Any CPU
		{DAA9EBB4-8130-407E-A260-BE8F82F0C294}.Release|iPhone.Deploy.0 = Release|Any CPU
		{DAA9EBB4-8130-407E-A260-BE8F82F0C294}.Release|iPhoneSimulator.ActiveCfg = Release|Any CPU
		{DAA9EBB4-8130-407E-A260-BE8F82F0C294}.Release|iPhoneSimulator.Build.0 = Release|Any CPU
		{DAA9EBB4-8130-407E-A260-BE8F82F0C294}.Release|iPhoneSimulator.Deploy.0 = Release|Any CPU
	EndGlobalSection
	GlobalSection(SolutionProperties) = preSolution
		HideSolutionNode = FALSE
	EndGlobalSection
	GlobalSection(ExtensibilityGlobals) = postSolution
		SolutionGuid = {BDAB6004-CF74-4D60-8955-0309DBA51386}
	EndGlobalSection
EndGlobal
